{
  "object": {
    "pins": [
      {
        "package": "Extension",
        "repositoryURL": "https://github.com/DingSoung/Extension",
        "state": {
          "branch": "master",
          "revision": "717eb0619fb236fe5ae000ab6bbb0a6102ff099a",
          "version": null
        }
      },
      {
        "package": "YogaKit",
        "repositoryURL": "https://github.com/DingSoung/yoga",
        "state": {
          "branch": "master",
          "revision": "2a3f4a3817b4b1c680d7571820104f71dc3e984a",
          "version": null
        }
      }
    ]
  },
  "version": 1
}
