{
  "object": {
    "pins": [
      {
        "package": "Extension",
        "repositoryURL": "https://github.com/DingSoung/Extension",
        "state": {
          "branch": "master",
          "revision": "6dab14d2b47ce7405406b9b7f148e6255608a530",
          "version": null
        }
      }
    ]
  },
  "version": 1
}
