{
  "object": {
    "pins": [
      {
        "package": "Extension",
        "repositoryURL": "https://github.com/DingSoung/Extension",
        "state": {
          "branch": "master",
          "revision": "dbd019d226ca54dcce7901d0a5749ebd705f73d0",
          "version": null
        }
      }
    ]
  },
  "version": 1
}
